// !$*UTF8*$!
{
	archiveVersion = 1;
	classes = {
	};
	objectVersion = 51;
	objects = {

/* Begin PBXBuildFile section */
		6C819C3EFB39F34357F4291E /* Pods_Firebase_Auth_Swift.framework in Frameworks */ = {isa = PBXBuildFile; fileRef = E8199D9B945AB557B7AC8B53 /* Pods_Firebase_Auth_Swift.framework */; };
		8008FA94274D447A007EEFED /* AppDelegate.swift in Sources */ = {isa = PBXBuildFile; fileRef = 8008FA93274D447A007EEFED /* AppDelegate.swift */; };
		8008FA96274D447A007EEFED /* SceneDelegate.swift in Sources */ = {isa = PBXBuildFile; fileRef = 8008FA95274D447A007EEFED /* SceneDelegate.swift */; };
		8008FA98274D447A007EEFED /* ViewController.swift in Sources */ = {isa = PBXBuildFile; fileRef = 8008FA97274D447A007EEFED /* ViewController.swift */; };
		8008FA9B274D447A007EEFED /* Main.storyboard in Resources */ = {isa = PBXBuildFile; fileRef = 8008FA99274D447A007EEFED /* Main.storyboard */; };
		8008FA9D274D447C007EEFED /* Assets.xcassets in Resources */ = {isa = PBXBuildFile; fileRef = 8008FA9C274D447C007EEFED /* Assets.xcassets */; };
		8008FAA0274D447C007EEFED /* LaunchScreen.storyboard in Resources */ = {isa = PBXBuildFile; fileRef = 8008FA9E274D447C007EEFED /* LaunchScreen.storyboard */; };
		8008FAA8274D4806007EEFED /* GoogleService-Info.plist in Resources */ = {isa = PBXBuildFile; fileRef = 8008FAA7274D4806007EEFED /* GoogleService-Info.plist */; };
		8008FAAB274D4CA0007EEFED /* RegisterViewController.swift in Sources */ = {isa = PBXBuildFile; fileRef = 8008FAAA274D4CA0007EEFED /* RegisterViewController.swift */; };
		8008FAAD274D4CAA007EEFED /* LoginViewController.swift in Sources */ = {isa = PBXBuildFile; fileRef = 8008FAAC274D4CAA007EEFED /* LoginViewController.swift */; };
/* End PBXBuildFile section */

/* Begin PBXFileReference section */
		8008FA90274D447A007EEFED /* Firebase Auth Swift.app */ = {isa = PBXFileReference; explicitFileType = wrapper.application; includeInIndex = 0; path = "Firebase Auth Swift.app"; sourceTree = BUILT_PRODUCTS_DIR; };
		8008FA93274D447A007EEFED /* AppDelegate.swift */ = {isa = PBXFileReference; lastKnownFileType = sourcecode.swift; path = AppDelegate.swift; sourceTree = "<group>"; };
		8008FA95274D447A007EEFED /* SceneDelegate.swift */ = {isa = PBXFileReference; lastKnownFileType = sourcecode.swift; path = SceneDelegate.swift; sourceTree = "<group>"; };
		8008FA97274D447A007EEFED /* ViewController.swift */ = {isa = PBXFileReference; lastKnownFileType = sourcecode.swift; path = ViewController.swift; sourceTree = "<group>"; };
		8008FA9A274D447A007EEFED /* Base */ = {isa = PBXFileReference; lastKnownFileType = file.storyboard; name = Base; path = Base.lproj/Main.storyboard; sourceTree = "<group>"; };
		8008FA9C274D447C007EEFED /* Assets.xcassets */ = {isa = PBXFileReference; lastKnownFileType = folder.assetcatalog; path = Assets.xcassets; sourceTree = "<group>"; };
		8008FA9F274D447C007EEFED /* Base */ = {isa = PBXFileReference; lastKnownFileType = file.storyboard; name = Base; path = Base.lproj/LaunchScreen.storyboard; sourceTree = "<group>"; };
		8008FAA1274D447C007EEFED /* Info.plist */ = {isa = PBXFileReference; lastKnownFileType = text.plist.xml; path = Info.plist; sourceTree = "<group>"; };
		8008FAA7274D4806007EEFED /* GoogleService-Info.plist */ = {isa = PBXFileReference; fileEncoding = 4; lastKnownFileType = text.plist.xml; name = "GoogleService-Info.plist"; path = "../../GoogleService-Info.plist"; sourceTree = "<group>"; };
		8008FAA9274D4838007EEFED /* GoogleService-Info.plist */ = {isa = PBXFileReference; lastKnownFileType = text.plist.xml; path = "GoogleService-Info.plist"; sourceTree = "<group>"; };
		8008FAAA274D4CA0007EEFED /* RegisterViewController.swift */ = {isa = PBXFileReference; lastKnownFileType = sourcecode.swift; path = RegisterViewController.swift; sourceTree = "<group>"; };
		8008FAAC274D4CAA007EEFED /* LoginViewController.swift */ = {isa = PBXFileReference; lastKnownFileType = sourcecode.swift; path = LoginViewController.swift; sourceTree = "<group>"; };
		AA05F80AD72B402F03438189 /* Pods-Firebase Auth Swift.release.xcconfig */ = {isa = PBXFileReference; includeInIndex = 1; lastKnownFileType = text.xcconfig; name = "Pods-Firebase Auth Swift.release.xcconfig"; path = "Target Support Files/Pods-Firebase Auth Swift/Pods-Firebase Auth Swift.release.xcconfig"; sourceTree = "<group>"; };
		B7F09D8F02BB5B4D1F7BBF6F /* Pods-Firebase Auth Swift.debug.xcconfig */ = {isa = PBXFileReference; includeInIndex = 1; lastKnownFileType = text.xcconfig; name = "Pods-Firebase Auth Swift.debug.xcconfig"; path = "Target Support Files/Pods-Firebase Auth Swift/Pods-Firebase Auth Swift.debug.xcconfig"; sourceTree = "<group>"; };
		E8199D9B945AB557B7AC8B53 /* Pods_Firebase_Auth_Swift.framework */ = {isa = PBXFileReference; explicitFileType = wrapper.framework; includeInIndex = 0; path = Pods_Firebase_Auth_Swift.framework; sourceTree = BUILT_PRODUCTS_DIR; };
/* End PBXFileReference section */

/* Begin PBXFrameworksBuildPhase section */
		8008FA8D274D447A007EEFED /* Frameworks */ = {
			isa = PBXFrameworksBuildPhase;
			buildActionMask = 2147483647;
			files = (
				6C819C3EFB39F34357F4291E /* Pods_Firebase_Auth_Swift.framework in Frameworks */,
			);
			runOnlyForDeploymentPostprocessing = 0;
		};
/* End PBXFrameworksBuildPhase section */

/* Begin PBXGroup section */
		72E0FF6958FB2C7C1F44BDCC /* Pods */ = {
			isa = PBXGroup;
			children = (
				B7F09D8F02BB5B4D1F7BBF6F /* Pods-Firebase Auth Swift.debug.xcconfig */,
				AA05F80AD72B402F03438189 /* Pods-Firebase Auth Swift.release.xcconfig */,
			);
			path = Pods;
			sourceTree = "<group>";
		};
		8008FA87274D447A007EEFED = {
			isa = PBXGroup;
			children = (
				8008FAA9274D4838007EEFED /* GoogleService-Info.plist */,
				8008FA92274D447A007EEFED /* Firebase Auth Swift */,
				8008FA91274D447A007EEFED /* Products */,
				72E0FF6958FB2C7C1F44BDCC /* Pods */,
				A0F099C585E59A5BF585E12A /* Frameworks */,
			);
			sourceTree = "<group>";
		};
		8008FA91274D447A007EEFED /* Products */ = {
			isa = PBXGroup;
			children = (
				8008FA90274D447A007EEFED /* Firebase Auth Swift.app */,
			);
			name = Products;
			sourceTree = "<group>";
		};
		8008FA92274D447A007EEFED /* Firebase Auth Swift */ = {
			isa = PBXGroup;
			children = (
				806E71B4274DF32B00DEA6AF /* Base */,
				806E71B3274DF30D00DEA6AF /* Controller */,
				806E71B5274DF33400DEA6AF /* View */,
				8008FA9C274D447C007EEFED /* Assets.xcassets */,
				8008FAA1274D447C007EEFED /* Info.plist */,
				8008FAA7274D4806007EEFED /* GoogleService-Info.plist */,
			);
			path = "Firebase Auth Swift";
			sourceTree = "<group>";
		};
		806E71B3274DF30D00DEA6AF /* Controller */ = {
			isa = PBXGroup;
			children = (
				8008FA97274D447A007EEFED /* ViewController.swift */,
				8008FAAA274D4CA0007EEFED /* RegisterViewController.swift */,
				8008FAAC274D4CAA007EEFED /* LoginViewController.swift */,
			);
			path = Controller;
			sourceTree = "<group>";
		};
		806E71B4274DF32B00DEA6AF /* Base */ = {
			isa = PBXGroup;
			children = (
				8008FA93274D447A007EEFED /* AppDelegate.swift */,
				8008FA95274D447A007EEFED /* SceneDelegate.swift */,
			);
			path = Base;
			sourceTree = "<group>";
		};
		806E71B5274DF33400DEA6AF /* View */ = {
			isa = PBXGroup;
			children = (
				8008FA99274D447A007EEFED /* Main.storyboard */,
				8008FA9E274D447C007EEFED /* LaunchScreen.storyboard */,
			);
			path = View;
			sourceTree = "<group>";
		};
		A0F099C585E59A5BF585E12A /* Frameworks */ = {
			isa = PBXGroup;
			children = (
				E8199D9B945AB557B7AC8B53 /* Pods_Firebase_Auth_Swift.framework */,
			);
			name = Frameworks;
			sourceTree = "<group>";
		};
/* End PBXGroup section */

/* Begin PBXNativeTarget section */
		8008FA8F274D447A007EEFED /* Firebase Auth Swift */ = {
			isa = PBXNativeTarget;
			buildConfigurationList = 8008FAA4274D447C007EEFED /* Build configuration list for PBXNativeTarget "Firebase Auth Swift" */;
			buildPhases = (
				C4FE1075C18B7F3E82911452 /* [CP] Check Pods Manifest.lock */,
				8008FA8C274D447A007EEFED /* Sources */,
				8008FA8D274D447A007EEFED /* Frameworks */,
				8008FA8E274D447A007EEFED /* Resources */,
				80A49D3BA13309E0B06AC01B /* [CP] Embed Pods Frameworks */,
			);
			buildRules = (
			);
			dependencies = (
			);
			name = "Firebase Auth Swift";
			productName = "Firebase Auth Swift";
			productReference = 8008FA90274D447A007EEFED /* Firebase Auth Swift.app */;
			productType = "com.apple.product-type.application";
		};
/* End PBXNativeTarget section */

/* Begin PBXProject section */
		8008FA88274D447A007EEFED /* Project object */ = {
			isa = PBXProject;
			attributes = {
				LastSwiftUpdateCheck = 1250;
				LastUpgradeCheck = 1250;
				TargetAttributes = {
					8008FA8F274D447A007EEFED = {
						CreatedOnToolsVersion = 12.5.1;
					};
				};
			};
			buildConfigurationList = 8008FA8B274D447A007EEFED /* Build configuration list for PBXProject "Firebase Auth Swift" */;
			compatibilityVersion = "Xcode 9.3";
			developmentRegion = en;
			hasScannedForEncodings = 0;
			knownRegions = (
				en,
				Base,
			);
			mainGroup = 8008FA87274D447A007EEFED;
			productRefGroup = 8008FA91274D447A007EEFED /* Products */;
			projectDirPath = "";
			projectRoot = "";
			targets = (
				8008FA8F274D447A007EEFED /* Firebase Auth Swift */,
			);
		};
/* End PBXProject section */

/* Begin PBXResourcesBuildPhase section */
		8008FA8E274D447A007EEFED /* Resources */ = {
			isa = PBXResourcesBuildPhase;
			buildActionMask = 2147483647;
			files = (
				8008FAA0274D447C007EEFED /* LaunchScreen.storyboard in Resources */,
				8008FAA8274D4806007EEFED /* GoogleService-Info.plist in Resources */,
				8008FA9D274D447C007EEFED /* Assets.xcassets in Resources */,
				8008FA9B274D447A007EEFED /* Main.storyboard in Resources */,
			);
			runOnlyForDeploymentPostprocessing = 0;
		};
/* End PBXResourcesBuildPhase section */

/* Begin PBXShellScriptBuildPhase section */
		80A49D3BA13309E0B06AC01B /* [CP] Embed Pods Frameworks */ = {
			isa = PBXShellScriptBuildPhase;
			buildActionMask = 2147483647;
			files = (
			);
			inputFileListPaths = (
				"${PODS_ROOT}/Target Support Files/Pods-Firebase Auth Swift/Pods-Firebase Auth Swift-frameworks-${CONFIGURATION}-input-files.xcfilelist",
			);
			name = "[CP] Embed Pods Frameworks";
			outputFileListPaths = (
				"${PODS_ROOT}/Target Support Files/Pods-Firebase Auth Swift/Pods-Firebase Auth Swift-frameworks-${CONFIGURATION}-output-files.xcfilelist",
			);
			runOnlyForDeploymentPostprocessing = 0;
			shellPath = /bin/sh;
			shellScript = "\"${PODS_ROOT}/Target Support Files/Pods-Firebase Auth Swift/Pods-Firebase Auth Swift-frameworks.sh\"\n";
			showEnvVarsInLog = 0;
		};
		C4FE1075C18B7F3E82911452 /* [CP] Check Pods Manifest.lock */ = {
			isa = PBXShellScriptBuildPhase;
			buildActionMask = 2147483647;
			files = (
			);
			inputFileListPaths = (
			);
			inputPaths = (
				"${PODS_PODFILE_DIR_PATH}/Podfile.lock",
				"${PODS_ROOT}/Manifest.lock",
			);
			name = "[CP] Check Pods Manifest.lock";
			outputFileListPaths = (
			);
			outputPaths = (
				"$(DERIVED_FILE_DIR)/Pods-Firebase Auth Swift-checkManifestLockResult.txt",
			);
			runOnlyForDeploymentPostprocessing = 0;
			shellPath = /bin/sh;
			shellScript = "diff \"${PODS_PODFILE_DIR_PATH}/Podfile.lock\" \"${PODS_ROOT}/Manifest.lock\" > /dev/null\nif [ $? != 0 ] ; then\n    # print error to STDERR\n    echo \"error: The sandbox is not in sync with the Podfile.lock. Run 'pod install' or update your CocoaPods installation.\" >&2\n    exit 1\nfi\n# This output is used by Xcode 'outputs' to avoid re-running this script phase.\necho \"SUCCESS\" > \"${SCRIPT_OUTPUT_FILE_0}\"\n";
			showEnvVarsInLog = 0;
		};
/* End PBXShellScriptBuildPhase section */

/* Begin PBXSourcesBuildPhase section */
		8008FA8C274D447A007EEFED /* Sources */ = {
			isa = PBXSourcesBuildPhase;
			buildActionMask = 2147483647;
			files = (
				8008FA98274D447A007EEFED /* ViewController.swift in Sources */,
				8008FA94274D447A007EEFED /* AppDelegate.swift in Sources */,
				8008FA96274D447A007EEFED /* SceneDelegate.swift in Sources */,
				8008FAAD274D4CAA007EEFED /* LoginViewController.swift in Sources */,
				8008FAAB274D4CA0007EEFED /* RegisterViewController.swift in Sources */,
			);
			runOnlyForDeploymentPostprocessing = 0;
		};
/* End PBXSourcesBuildPhase section */

/* Begin PBXVariantGroup section */
		8008FA99274D447A007EEFED /* Main.storyboard */ = {
			isa = PBXVariantGroup;
			children = (
				8008FA9A274D447A007EEFED /* Base */,
			);
			name = Main.storyboard;
			sourceTree = "<group>";
		};
		8008FA9E274D447C007EEFED /* LaunchScreen.storyboard */ = {
			isa = PBXVariantGroup;
			children = (
				8008FA9F274D447C007EEFED /* Base */,
			);
			name = LaunchScreen.storyboard;
			sourceTree = "<group>";
		};
/* End PBXVariantGroup section */

/* Begin XCBuildConfiguration section */
		8008FAA2274D447C007EEFED /* Debug */ = {
			isa = XCBuildConfiguration;
			buildSettings = {
				ALWAYS_SEARCH_USER_PATHS = NO;
				CLANG_ANALYZER_NONNULL = YES;
				CLANG_ANALYZER_NUMBER_OBJECT_CONVERSION = YES_AGGRESSIVE;
				CLANG_CXX_LANGUAGE_STANDARD = "gnu++14";
				CLANG_CXX_LIBRARY = "libc++";
				CLANG_ENABLE_MODULES = YES;
				CLANG_ENABLE_OBJC_ARC = YES;
				CLANG_ENABLE_OBJC_WEAK = YES;
				CLANG_WARN_BLOCK_CAPTURE_AUTORELEASING = YES;
				CLANG_WARN_BOOL_CONVERSION = YES;
				CLANG_WARN_COMMA = YES;
				CLANG_WARN_CONSTANT_CONVERSION = YES;
				CLANG_WARN_DEPRECATED_OBJC_IMPLEMENTATIONS = YES;
				CLANG_WARN_DIRECT_OBJC_ISA_USAGE = YES_ERROR;
				CLANG_WARN_DOCUMENTATION_COMMENTS = YES;
				CLANG_WARN_EMPTY_BODY = YES;
				CLANG_WARN_ENUM_CONVERSION = YES;
				CLANG_WARN_INFINITE_RECURSION = YES;
				CLANG_WARN_INT_CONVERSION = YES;
				CLANG_WARN_NON_LITERAL_NULL_CONVERSION = YES;
				CLANG_WARN_OBJC_IMPLICIT_RETAIN_SELF = YES;
				CLANG_WARN_OBJC_LITERAL_CONVERSION = YES;
				CLANG_WARN_OBJC_ROOT_CLASS = YES_ERROR;
				CLANG_WARN_QUOTED_INCLUDE_IN_FRAMEWORK_HEADER = YES;
				CLANG_WARN_RANGE_LOOP_ANALYSIS = YES;
				CLANG_WARN_STRICT_PROTOTYPES = YES;
				CLANG_WARN_SUSPICIOUS_MOVE = YES;
				CLANG_WARN_UNGUARDED_AVAILABILITY = YES_AGGRESSIVE;
				CLANG_WARN_UNREACHABLE_CODE = YES;
				CLANG_WARN__DUPLICATE_METHOD_MATCH = YES;
				COPY_PHASE_STRIP = NO;
				DEBUG_INFORMATION_FORMAT = dwarf;
				ENABLE_STRICT_OBJC_MSGSEND = YES;
				ENABLE_TESTABILITY = YES;
				GCC_C_LANGUAGE_STANDARD = gnu11;
				GCC_DYNAMIC_NO_PIC = NO;
				GCC_NO_COMMON_BLOCKS = YES;
				GCC_OPTIMIZATION_LEVEL = 0;
				GCC_PREPROCESSOR_DEFINITIONS = (
					"DEBUG=1",
					"$(inherited)",
				);
				GCC_WARN_64_TO_32_BIT_CONVERSION = YES;
				GCC_WARN_ABOUT_RETURN_TYPE = YES_ERROR;
				GCC_WARN_UNDECLARED_SELECTOR = YES;
				GCC_WARN_UNINITIALIZED_AUTOS = YES_AGGRESSIVE;
				GCC_WARN_UNUSED_FUNCTION = YES;
				GCC_WARN_UNUSED_VARIABLE = YES;
				IPHONEOS_DEPLOYMENT_TARGET = 14.5;
				MTL_ENABLE_DEBUG_INFO = INCLUDE_SOURCE;
				MTL_FAST_MATH = YES;
				ONLY_ACTIVE_ARCH = YES;
				SDKROOT = iphoneos;
				SWIFT_ACTIVE_COMPILATION_CONDITIONS = DEBUG;
				SWIFT_OPTIMIZATION_LEVEL = "-Onone";
			};
			name = Debug;
		};
		8008FAA3274D447C007EEFED /* Release */ = {
			isa = XCBuildConfiguration;
			buildSettings = {
				ALWAYS_SEARCH_USER_PATHS = NO;
				CLANG_ANALYZER_NONNULL = YES;
				CLANG_ANALYZER_NUMBER_OBJECT_CONVERSION = YES_AGGRESSIVE;
				CLANG_CXX_LANGUAGE_STANDARD = "gnu++14";
				CLANG_CXX_LIBRARY = "libc++";
				CLANG_ENABLE_MODULES = YES;
				CLANG_ENABLE_OBJC_ARC = YES;
				CLANG_ENABLE_OBJC_WEAK = YES;
				CLANG_WARN_BLOCK_CAPTURE_AUTORELEASING = YES;
				CLANG_WARN_BOOL_CONVERSION = YES;
				CLANG_WARN_COMMA = YES;
				CLANG_WARN_CONSTANT_CONVERSION = YES;
				CLANG_WARN_DEPRECATED_OBJC_IMPLEMENTATIONS = YES;
				CLANG_WARN_DIRECT_OBJC_ISA_USAGE = YES_ERROR;
				CLANG_WARN_DOCUMENTATION_COMMENTS = YES;
				CLANG_WARN_EMPTY_BODY = YES;
				CLANG_WARN_ENUM_CONVERSION = YES;
				CLANG_WARN_INFINITE_RECURSION = YES;
				CLANG_WARN_INT_CONVERSION = YES;
				CLANG_WARN_NON_LITERAL_NULL_CONVERSION = YES;
				CLANG_WARN_OBJC_IMPLICIT_RETAIN_SELF = YES;
				CLANG_WARN_OBJC_LITERAL_CONVERSION = YES;
				CLANG_WARN_OBJC_ROOT_CLASS = YES_ERROR;
				CLANG_WARN_QUOTED_INCLUDE_IN_FRAMEWORK_HEADER = YES;
				CLANG_WARN_RANGE_LOOP_ANALYSIS = YES;
				CLANG_WARN_STRICT_PROTOTYPES = YES;
				CLANG_WARN_SUSPICIOUS_MOVE = YES;
				CLANG_WARN_UNGUARDED_AVAILABILITY = YES_AGGRESSIVE;
				CLANG_WARN_UNREACHABLE_CODE = YES;
				CLANG_WARN__DUPLICATE_METHOD_MATCH = YES;
				COPY_PHASE_STRIP = NO;
				DEBUG_INFORMATION_FORMAT = "dwarf-with-dsym";
				ENABLE_NS_ASSERTIONS = NO;
				ENABLE_STRICT_OBJC_MSGSEND = YES;
				GCC_C_LANGUAGE_STANDARD = gnu11;
				GCC_NO_COMMON_BLOCKS = YES;
				GCC_WARN_64_TO_32_BIT_CONVERSION = YES;
				GCC_WARN_ABOUT_RETURN_TYPE = YES_ERROR;
				GCC_WARN_UNDECLARED_SELECTOR = YES;
				GCC_WARN_UNINITIALIZED_AUTOS = YES_AGGRESSIVE;
				GCC_WARN_UNUSED_FUNCTION = YES;
				GCC_WARN_UNUSED_VARIABLE = YES;
				IPHONEOS_DEPLOYMENT_TARGET = 14.5;
				MTL_ENABLE_DEBUG_INFO = NO;
				MTL_FAST_MATH = YES;
				SDKROOT = iphoneos;
				SWIFT_COMPILATION_MODE = wholemodule;
				SWIFT_OPTIMIZATION_LEVEL = "-O";
				VALIDATE_PRODUCT = YES;
			};
			name = Release;
		};
		8008FAA5274D447C007EEFED /* Debug */ = {
			isa = XCBuildConfiguration;
			baseConfigurationReference = B7F09D8F02BB5B4D1F7BBF6F /* Pods-Firebase Auth Swift.debug.xcconfig */;
			buildSettings = {
				ASSETCATALOG_COMPILER_APPICON_NAME = AppIcon;
				ASSETCATALOG_COMPILER_GLOBAL_ACCENT_COLOR_NAME = AccentColor;
				CODE_SIGN_STYLE = Automatic;
				DEVELOPMENT_TEAM = PSV5RNSML2;
				INFOPLIST_FILE = "Firebase Auth Swift/Info.plist";
				LD_RUNPATH_SEARCH_PATHS = (
					"$(inherited)",
					"@executable_path/Frameworks",
				);
				PRODUCT_BUNDLE_IDENTIFIER = "com.hafied.Firebase-Auth-Swift";
				PRODUCT_NAME = "$(TARGET_NAME)";
				SWIFT_VERSION = 5.0;
				TARGETED_DEVICE_FAMILY = "1,2";
			};
			name = Debug;
		};
		8008FAA6274D447C007EEFED /* Release */ = {
			isa = XCBuildConfiguration;
			baseConfigurationReference = AA05F80AD72B402F03438189 /* Pods-Firebase Auth Swift.release.xcconfig */;
			buildSettings = {
				ASSETCATALOG_COMPILER_APPICON_NAME = AppIcon;
				ASSETCATALOG_COMPILER_GLOBAL_ACCENT_COLOR_NAME = AccentColor;
				CODE_SIGN_STYLE = Automatic;
				DEVELOPMENT_TEAM = PSV5RNSML2;
				INFOPLIST_FILE = "Firebase Auth Swift/Info.plist";
				LD_RUNPATH_SEARCH_PATHS = (
					"$(inherited)",
					"@executable_path/Frameworks",
				);
				PRODUCT_BUNDLE_IDENTIFIER = "com.hafied.Firebase-Auth-Swift";
				PRODUCT_NAME = "$(TARGET_NAME)";
				SWIFT_VERSION = 5.0;
				TARGETED_DEVICE_FAMILY = "1,2";
			};
			name = Release;
		};
/* End XCBuildConfiguration section */

/* Begin XCConfigurationList section */
		8008FA8B274D447A007EEFED /* Build configuration list for PBXProject "Firebase Auth Swift" */ = {
			isa = XCConfigurationList;
			buildConfigurations = (
				8008FAA2274D447C007EEFED /* Debug */,
				8008FAA3274D447C007EEFED /* Release */,
			);
			defaultConfigurationIsVisible = 0;
			defaultConfigurationName = Release;
		};
		8008FAA4274D447C007EEFED /* Build configuration list for PBXNativeTarget "Firebase Auth Swift" */ = {
			isa = XCConfigurationList;
			buildConfigurations = (
				8008FAA5274D447C007EEFED /* Debug */,
				8008FAA6274D447C007EEFED /* Release */,
			);
			defaultConfigurationIsVisible = 0;
			defaultConfigurationName = Release;
		};
/* End XCConfigurationList section */
	};
	rootObject = 8008FA88274D447A007EEFED /* Project object */;
}
